
Microsoft Visual Studio Solution File, Format Version 12.00
# Visual Studio 15
VisualStudioVersion = 15.0.28010.2026
MinimumVisualStudioVersion = 10.0.40219.1
Project("{9A19103F-16F7-4668-BE54-9A1E7A4F7556}") = "demowebmvc", "demowebmvc.csproj", "{8BFE1804-D84F-4B7E-8C51-C38E4394CED7}"
EndProject
Global
	GlobalSection(SolutionConfigurationPlatforms) = preSolution
		Debug|Any CPU = Debug|Any CPU
		Release|Any CPU = Release|Any CPU
	EndGlobalSection
	GlobalSection(ProjectConfigurationPlatforms) = postSolution
		{8BFE1804-D84F-4B7E-8C51-C38E4394CED7}.Debug|Any CPU.ActiveCfg = Debug|Any CPU
		{8BFE1804-D84F-4B7E-8C51-C38E4394CED7}.Debug|Any CPU.Build.0 = Debug|Any CPU
		{8BFE1804-D84F-4B7E-8C51-C38E4394CED7}.Release|Any CPU.ActiveCfg = Release|Any CPU
		{8BFE1804-D84F-4B7E-8C51-C38E4394CED7}.Release|Any CPU.Build.0 = Release|Any CPU
	EndGlobalSection
	GlobalSection(SolutionProperties) = preSolution
		HideSolutionNode = FALSE
	EndGlobalSection
	GlobalSection(ExtensibilityGlobals) = postSolution
		SolutionGuid = {A887BFAB-5615-4680-AD82-C490D5517791}
	EndGlobalSection
EndGlobal
